
Microsoft Visual Studio Solution File, Format Version 12.00
# Visual Studio Version 17
VisualStudioVersion = 17.4.33205.214
MinimumVisualStudioVersion = 10.0.40219.1
Project("{FAE04EC0-301F-11D3-BF4B-00C04F79EFBC}") = "MVCStudentMedRepository", "MVCStudentMedRepository\MVCStudentMedRepository.csproj", "{68AF4782-78F1-43AE-930C-71B340703263}"
EndProject
Global
	GlobalSection(SolutionConfigurationPlatforms) = preSolution
		Debug|Any CPU = Debug|Any CPU
		Release|Any CPU = Release|Any CPU
	EndGlobalSection
	GlobalSection(ProjectConfigurationPlatforms) = postSolution
		{68AF4782-78F1-43AE-930C-71B340703263}.Debug|Any CPU.ActiveCfg = Debug|Any CPU
		{68AF4782-78F1-43AE-930C-71B340703263}.Debug|Any CPU.Build.0 = Debug|Any CPU
		{68AF4782-78F1-43AE-930C-71B340703263}.Release|Any CPU.ActiveCfg = Release|Any CPU
		{68AF4782-78F1-43AE-930C-71B340703263}.Release|Any CPU.Build.0 = Release|Any CPU
	EndGlobalSection
	GlobalSection(SolutionProperties) = preSolution
		HideSolutionNode = FALSE
	EndGlobalSection
	GlobalSection(ExtensibilityGlobals) = postSolution
		SolutionGuid = {F8C43CCC-1AED-4ACE-8DF9-312EF368BA0E}
	EndGlobalSection
EndGlobal
